// !$*UTF8*$!
{
	archiveVersion = 1;
	classes = {
	};
	objectVersion = 50;
	objects = {

/* Begin PBXBuildFile section */
		7122EC9822C2EC2100EC18D3 /* DateTableNavigationController.swift in Sources */ = {isa = PBXBuildFile; fileRef = 7122EC9722C2EC2100EC18D3 /* DateTableNavigationController.swift */; };
		7122EC9A22C2FC0B00EC18D3 /* DateUtility.swift in Sources */ = {isa = PBXBuildFile; fileRef = 7122EC9922C2FC0B00EC18D3 /* DateUtility.swift */; };
		7122EC9C22C3064000EC18D3 /* PhotoDetailPopTransition.swift in Sources */ = {isa = PBXBuildFile; fileRef = 7122EC9B22C3064000EC18D3 /* PhotoDetailPopTransition.swift */; };
		7125446022C05ADC00A6ECDE /* AppDelegate.swift in Sources */ = {isa = PBXBuildFile; fileRef = 7125445F22C05ADC00A6ECDE /* AppDelegate.swift */; };
		7125446722C05ADD00A6ECDE /* Assets.xcassets in Resources */ = {isa = PBXBuildFile; fileRef = 7125446622C05ADD00A6ECDE /* Assets.xcassets */; };
		7125446A22C05ADD00A6ECDE /* LaunchScreen.storyboard in Resources */ = {isa = PBXBuildFile; fileRef = 7125446822C05ADD00A6ECDE /* LaunchScreen.storyboard */; };
		7125447322C05D1500A6ECDE /* DateTableViewController.swift in Sources */ = {isa = PBXBuildFile; fileRef = 7125447222C05D1500A6ECDE /* DateTableViewController.swift */; };
		7125447622C06A8600A6ECDE /* DatePickerViewController.swift in Sources */ = {isa = PBXBuildFile; fileRef = 7125447522C06A8600A6ECDE /* DatePickerViewController.swift */; };
		7125447B22C06D4300A6ECDE /* UIColor+Extension.swift in Sources */ = {isa = PBXBuildFile; fileRef = 7125447A22C06D4300A6ECDE /* UIColor+Extension.swift */; };
		7125447D22C06D9500A6ECDE /* UIView+Extension.swift in Sources */ = {isa = PBXBuildFile; fileRef = 7125447C22C06D9500A6ECDE /* UIView+Extension.swift */; };
		7125447F22C06E9C00A6ECDE /* Reusable+Extension.swift in Sources */ = {isa = PBXBuildFile; fileRef = 7125447E22C06E9C00A6ECDE /* Reusable+Extension.swift */; };
		7125448222C0BF7600A6ECDE /* ScreenUtility.swift in Sources */ = {isa = PBXBuildFile; fileRef = 7125448122C0BF7600A6ECDE /* ScreenUtility.swift */; };
		71F970B722C1EAE900BCF92A /* PhotoGridNavigationController.swift in Sources */ = {isa = PBXBuildFile; fileRef = 71F970B622C1EAE900BCF92A /* PhotoGridNavigationController.swift */; };
		71F970B922C1EBFF00BCF92A /* PhotoDetailViewController.swift in Sources */ = {isa = PBXBuildFile; fileRef = 71F970B822C1EBFF00BCF92A /* PhotoDetailViewController.swift */; };
		71F970BB22C1EC9600BCF92A /* PhotoDetailPushTransition.swift in Sources */ = {isa = PBXBuildFile; fileRef = 71F970BA22C1EC9600BCF92A /* PhotoDetailPushTransition.swift */; };
		71F970BD22C1F97100BCF92A /* CGRect+Extension.swift in Sources */ = {isa = PBXBuildFile; fileRef = 71F970BC22C1F97100BCF92A /* CGRect+Extension.swift */; };
		71F970BF22C2030100BCF92A /* PhotoGridViewController.swift in Sources */ = {isa = PBXBuildFile; fileRef = 71F970BE22C2030100BCF92A /* PhotoGridViewController.swift */; };
		71FCB67922C1AD35001D3FFC /* TabBarController.swift in Sources */ = {isa = PBXBuildFile; fileRef = 71FCB67822C1AD35001D3FFC /* TabBarController.swift */; };
/* End PBXBuildFile section */

/* Begin PBXFileReference section */
		7122EC9722C2EC2100EC18D3 /* DateTableNavigationController.swift */ = {isa = PBXFileReference; lastKnownFileType = sourcecode.swift; path = DateTableNavigationController.swift; sourceTree = "<group>"; };
		7122EC9922C2FC0B00EC18D3 /* DateUtility.swift */ = {isa = PBXFileReference; lastKnownFileType = sourcecode.swift; path = DateUtility.swift; sourceTree = "<group>"; };
		7122EC9B22C3064000EC18D3 /* PhotoDetailPopTransition.swift */ = {isa = PBXFileReference; lastKnownFileType = sourcecode.swift; path = PhotoDetailPopTransition.swift; sourceTree = "<group>"; };
		7125445C22C05ADC00A6ECDE /* Transitions.app */ = {isa = PBXFileReference; explicitFileType = wrapper.application; includeInIndex = 0; path = Transitions.app; sourceTree = BUILT_PRODUCTS_DIR; };
		7125445F22C05ADC00A6ECDE /* AppDelegate.swift */ = {isa = PBXFileReference; lastKnownFileType = sourcecode.swift; path = AppDelegate.swift; sourceTree = "<group>"; };
		7125446622C05ADD00A6ECDE /* Assets.xcassets */ = {isa = PBXFileReference; lastKnownFileType = folder.assetcatalog; path = Assets.xcassets; sourceTree = "<group>"; };
		7125446922C05ADD00A6ECDE /* Base */ = {isa = PBXFileReference; lastKnownFileType = file.storyboard; name = Base; path = Base.lproj/LaunchScreen.storyboard; sourceTree = "<group>"; };
		7125446B22C05ADD00A6ECDE /* Info.plist */ = {isa = PBXFileReference; lastKnownFileType = text.plist.xml; path = Info.plist; sourceTree = "<group>"; };
		7125447222C05D1500A6ECDE /* DateTableViewController.swift */ = {isa = PBXFileReference; lastKnownFileType = sourcecode.swift; path = DateTableViewController.swift; sourceTree = "<group>"; };
		7125447522C06A8600A6ECDE /* DatePickerViewController.swift */ = {isa = PBXFileReference; lastKnownFileType = sourcecode.swift; path = DatePickerViewController.swift; sourceTree = "<group>"; };
		7125447A22C06D4300A6ECDE /* UIColor+Extension.swift */ = {isa = PBXFileReference; lastKnownFileType = sourcecode.swift; path = "UIColor+Extension.swift"; sourceTree = "<group>"; };
		7125447C22C06D9500A6ECDE /* UIView+Extension.swift */ = {isa = PBXFileReference; lastKnownFileType = sourcecode.swift; path = "UIView+Extension.swift"; sourceTree = "<group>"; };
		7125447E22C06E9C00A6ECDE /* Reusable+Extension.swift */ = {isa = PBXFileReference; lastKnownFileType = sourcecode.swift; path = "Reusable+Extension.swift"; sourceTree = "<group>"; };
		7125448122C0BF7600A6ECDE /* ScreenUtility.swift */ = {isa = PBXFileReference; lastKnownFileType = sourcecode.swift; path = ScreenUtility.swift; sourceTree = "<group>"; };
		71F970B622C1EAE900BCF92A /* PhotoGridNavigationController.swift */ = {isa = PBXFileReference; lastKnownFileType = sourcecode.swift; path = PhotoGridNavigationController.swift; sourceTree = "<group>"; };
		71F970B822C1EBFF00BCF92A /* PhotoDetailViewController.swift */ = {isa = PBXFileReference; lastKnownFileType = sourcecode.swift; path = PhotoDetailViewController.swift; sourceTree = "<group>"; };
		71F970BA22C1EC9600BCF92A /* PhotoDetailPushTransition.swift */ = {isa = PBXFileReference; lastKnownFileType = sourcecode.swift; path = PhotoDetailPushTransition.swift; sourceTree = "<group>"; };
		71F970BC22C1F97100BCF92A /* CGRect+Extension.swift */ = {isa = PBXFileReference; lastKnownFileType = sourcecode.swift; path = "CGRect+Extension.swift"; sourceTree = "<group>"; };
		71F970BE22C2030100BCF92A /* PhotoGridViewController.swift */ = {isa = PBXFileReference; fileEncoding = 4; lastKnownFileType = sourcecode.swift; path = PhotoGridViewController.swift; sourceTree = "<group>"; };
		71FCB67822C1AD35001D3FFC /* TabBarController.swift */ = {isa = PBXFileReference; lastKnownFileType = sourcecode.swift; path = TabBarController.swift; sourceTree = "<group>"; };
/* End PBXFileReference section */

/* Begin PBXFrameworksBuildPhase section */
		7125445922C05ADC00A6ECDE /* Frameworks */ = {
			isa = PBXFrameworksBuildPhase;
			buildActionMask = 2147483647;
			files = (
			);
			runOnlyForDeploymentPostprocessing = 0;
		};
/* End PBXFrameworksBuildPhase section */

/* Begin PBXGroup section */
		7125445322C05ADC00A6ECDE = {
			isa = PBXGroup;
			children = (
				7125445E22C05ADC00A6ECDE /* Transitions */,
				7125445D22C05ADC00A6ECDE /* Products */,
			);
			sourceTree = "<group>";
		};
		7125445D22C05ADC00A6ECDE /* Products */ = {
			isa = PBXGroup;
			children = (
				7125445C22C05ADC00A6ECDE /* Transitions.app */,
			);
			name = Products;
			sourceTree = "<group>";
		};
		7125445E22C05ADC00A6ECDE /* Transitions */ = {
			isa = PBXGroup;
			children = (
				7125445F22C05ADC00A6ECDE /* AppDelegate.swift */,
				71FCB67822C1AD35001D3FFC /* TabBarController.swift */,
				7125447422C06A5C00A6ECDE /* PresentTransition */,
				71F970B522C1E95B00BCF92A /* PushPopTransition */,
				7125447922C06D2A00A6ECDE /* Extensions */,
				7125448022C0BF6200A6ECDE /* Utilities */,
				7125447122C05CCC00A6ECDE /* Supporting Files */,
			);
			path = Transitions;
			sourceTree = "<group>";
		};
		7125447122C05CCC00A6ECDE /* Supporting Files */ = {
			isa = PBXGroup;
			children = (
				7125446622C05ADD00A6ECDE /* Assets.xcassets */,
				7125446822C05ADD00A6ECDE /* LaunchScreen.storyboard */,
				7125446B22C05ADD00A6ECDE /* Info.plist */,
			);
			path = "Supporting Files";
			sourceTree = "<group>";
		};
		7125447422C06A5C00A6ECDE /* PresentTransition */ = {
			isa = PBXGroup;
			children = (
				7122EC9722C2EC2100EC18D3 /* DateTableNavigationController.swift */,
				7125447222C05D1500A6ECDE /* DateTableViewController.swift */,
				7125447522C06A8600A6ECDE /* DatePickerViewController.swift */,
			);
			path = PresentTransition;
			sourceTree = "<group>";
		};
		7125447922C06D2A00A6ECDE /* Extensions */ = {
			isa = PBXGroup;
			children = (
				7125447C22C06D9500A6ECDE /* UIView+Extension.swift */,
				7125447A22C06D4300A6ECDE /* UIColor+Extension.swift */,
				7125447E22C06E9C00A6ECDE /* Reusable+Extension.swift */,
				71F970BC22C1F97100BCF92A /* CGRect+Extension.swift */,
			);
			path = Extensions;
			sourceTree = "<group>";
		};
		7125448022C0BF6200A6ECDE /* Utilities */ = {
			isa = PBXGroup;
			children = (
				7125448122C0BF7600A6ECDE /* ScreenUtility.swift */,
				7122EC9922C2FC0B00EC18D3 /* DateUtility.swift */,
			);
			path = Utilities;
			sourceTree = "<group>";
		};
		71F970B522C1E95B00BCF92A /* PushPopTransition */ = {
			isa = PBXGroup;
			children = (
				71F970B622C1EAE900BCF92A /* PhotoGridNavigationController.swift */,
				71F970BE22C2030100BCF92A /* PhotoGridViewController.swift */,
				71F970B822C1EBFF00BCF92A /* PhotoDetailViewController.swift */,
				71F970BA22C1EC9600BCF92A /* PhotoDetailPushTransition.swift */,
				7122EC9B22C3064000EC18D3 /* PhotoDetailPopTransition.swift */,
			);
			path = PushPopTransition;
			sourceTree = "<group>";
		};
/* End PBXGroup section */

/* Begin PBXNativeTarget section */
		7125445B22C05ADC00A6ECDE /* Transitions */ = {
			isa = PBXNativeTarget;
			buildConfigurationList = 7125446E22C05ADD00A6ECDE /* Build configuration list for PBXNativeTarget "Transitions" */;
			buildPhases = (
				7125445822C05ADC00A6ECDE /* Sources */,
				7125445922C05ADC00A6ECDE /* Frameworks */,
				7125445A22C05ADC00A6ECDE /* Resources */,
			);
			buildRules = (
			);
			dependencies = (
			);
			name = Transitions;
			productName = Transitions;
			productReference = 7125445C22C05ADC00A6ECDE /* Transitions.app */;
			productType = "com.apple.product-type.application";
		};
/* End PBXNativeTarget section */

/* Begin PBXProject section */
		7125445422C05ADC00A6ECDE /* Project object */ = {
			isa = PBXProject;
			attributes = {
				LastSwiftUpdateCheck = 1020;
				LastUpgradeCheck = 1020;
				ORGANIZATIONNAME = TTDP;
				TargetAttributes = {
					7125445B22C05ADC00A6ECDE = {
						CreatedOnToolsVersion = 10.2.1;
					};
				};
			};
			buildConfigurationList = 7125445722C05ADC00A6ECDE /* Build configuration list for PBXProject "Transitions" */;
			compatibilityVersion = "Xcode 9.3";
			developmentRegion = en;
			hasScannedForEncodings = 0;
			knownRegions = (
				en,
				Base,
			);
			mainGroup = 7125445322C05ADC00A6ECDE;
			productRefGroup = 7125445D22C05ADC00A6ECDE /* Products */;
			projectDirPath = "";
			projectRoot = "";
			targets = (
				7125445B22C05ADC00A6ECDE /* Transitions */,
			);
		};
/* End PBXProject section */

/* Begin PBXResourcesBuildPhase section */
		7125445A22C05ADC00A6ECDE /* Resources */ = {
			isa = PBXResourcesBuildPhase;
			buildActionMask = 2147483647;
			files = (
				7125446A22C05ADD00A6ECDE /* LaunchScreen.storyboard in Resources */,
				7125446722C05ADD00A6ECDE /* Assets.xcassets in Resources */,
			);
			runOnlyForDeploymentPostprocessing = 0;
		};
/* End PBXResourcesBuildPhase section */

/* Begin PBXSourcesBuildPhase section */
		7125445822C05ADC00A6ECDE /* Sources */ = {
			isa = PBXSourcesBuildPhase;
			buildActionMask = 2147483647;
			files = (
				7122EC9C22C3064000EC18D3 /* PhotoDetailPopTransition.swift in Sources */,
				7125447D22C06D9500A6ECDE /* UIView+Extension.swift in Sources */,
				71F970BB22C1EC9600BCF92A /* PhotoDetailPushTransition.swift in Sources */,
				7125446022C05ADC00A6ECDE /* AppDelegate.swift in Sources */,
				7125448222C0BF7600A6ECDE /* ScreenUtility.swift in Sources */,
				71F970BF22C2030100BCF92A /* PhotoGridViewController.swift in Sources */,
				71FCB67922C1AD35001D3FFC /* TabBarController.swift in Sources */,
				7125447F22C06E9C00A6ECDE /* Reusable+Extension.swift in Sources */,
				7125447622C06A8600A6ECDE /* DatePickerViewController.swift in Sources */,
				7122EC9822C2EC2100EC18D3 /* DateTableNavigationController.swift in Sources */,
				71F970B922C1EBFF00BCF92A /* PhotoDetailViewController.swift in Sources */,
				7122EC9A22C2FC0B00EC18D3 /* DateUtility.swift in Sources */,
				71F970BD22C1F97100BCF92A /* CGRect+Extension.swift in Sources */,
				71F970B722C1EAE900BCF92A /* PhotoGridNavigationController.swift in Sources */,
				7125447322C05D1500A6ECDE /* DateTableViewController.swift in Sources */,
				7125447B22C06D4300A6ECDE /* UIColor+Extension.swift in Sources */,
			);
			runOnlyForDeploymentPostprocessing = 0;
		};
/* End PBXSourcesBuildPhase section */

/* Begin PBXVariantGroup section */
		7125446822C05ADD00A6ECDE /* LaunchScreen.storyboard */ = {
			isa = PBXVariantGroup;
			children = (
				7125446922C05ADD00A6ECDE /* Base */,
			);
			name = LaunchScreen.storyboard;
			sourceTree = "<group>";
		};
/* End PBXVariantGroup section */

/* Begin XCBuildConfiguration section */
		7125446C22C05ADD00A6ECDE /* Debug */ = {
			isa = XCBuildConfiguration;
			buildSettings = {
				ALWAYS_SEARCH_USER_PATHS = NO;
				CLANG_ANALYZER_NONNULL = YES;
				CLANG_ANALYZER_NUMBER_OBJECT_CONVERSION = YES_AGGRESSIVE;
				CLANG_CXX_LANGUAGE_STANDARD = "gnu++14";
				CLANG_CXX_LIBRARY = "libc++";
				CLANG_ENABLE_MODULES = YES;
				CLANG_ENABLE_OBJC_ARC = YES;
				CLANG_ENABLE_OBJC_WEAK = YES;
				CLANG_WARN_BLOCK_CAPTURE_AUTORELEASING = YES;
				CLANG_WARN_BOOL_CONVERSION = YES;
				CLANG_WARN_COMMA = YES;
				CLANG_WARN_CONSTANT_CONVERSION = YES;
				CLANG_WARN_DEPRECATED_OBJC_IMPLEMENTATIONS = YES;
				CLANG_WARN_DIRECT_OBJC_ISA_USAGE = YES_ERROR;
				CLANG_WARN_DOCUMENTATION_COMMENTS = YES;
				CLANG_WARN_EMPTY_BODY = YES;
				CLANG_WARN_ENUM_CONVERSION = YES;
				CLANG_WARN_INFINITE_RECURSION = YES;
				CLANG_WARN_INT_CONVERSION = YES;
				CLANG_WARN_NON_LITERAL_NULL_CONVERSION = YES;
				CLANG_WARN_OBJC_IMPLICIT_RETAIN_SELF = YES;
				CLANG_WARN_OBJC_LITERAL_CONVERSION = YES;
				CLANG_WARN_OBJC_ROOT_CLASS = YES_ERROR;
				CLANG_WARN_RANGE_LOOP_ANALYSIS = YES;
				CLANG_WARN_STRICT_PROTOTYPES = YES;
				CLANG_WARN_SUSPICIOUS_MOVE = YES;
				CLANG_WARN_UNGUARDED_AVAILABILITY = YES_AGGRESSIVE;
				CLANG_WARN_UNREACHABLE_CODE = YES;
				CLANG_WARN__DUPLICATE_METHOD_MATCH = YES;
				CODE_SIGN_IDENTITY = "iPhone Developer";
				COPY_PHASE_STRIP = NO;
				DEBUG_INFORMATION_FORMAT = dwarf;
				ENABLE_STRICT_OBJC_MSGSEND = YES;
				ENABLE_TESTABILITY = YES;
				GCC_C_LANGUAGE_STANDARD = gnu11;
				GCC_DYNAMIC_NO_PIC = NO;
				GCC_NO_COMMON_BLOCKS = YES;
				GCC_OPTIMIZATION_LEVEL = 0;
				GCC_PREPROCESSOR_DEFINITIONS = (
					"DEBUG=1",
					"$(inherited)",
				);
				GCC_WARN_64_TO_32_BIT_CONVERSION = YES;
				GCC_WARN_ABOUT_RETURN_TYPE = YES_ERROR;
				GCC_WARN_UNDECLARED_SELECTOR = YES;
				GCC_WARN_UNINITIALIZED_AUTOS = YES_AGGRESSIVE;
				GCC_WARN_UNUSED_FUNCTION = YES;
				GCC_WARN_UNUSED_VARIABLE = YES;
				IPHONEOS_DEPLOYMENT_TARGET = 12.2;
				MTL_ENABLE_DEBUG_INFO = INCLUDE_SOURCE;
				MTL_FAST_MATH = YES;
				ONLY_ACTIVE_ARCH = YES;
				SDKROOT = iphoneos;
				SWIFT_ACTIVE_COMPILATION_CONDITIONS = DEBUG;
				SWIFT_OPTIMIZATION_LEVEL = "-Onone";
			};
			name = Debug;
		};
		7125446D22C05ADD00A6ECDE /* Release */ = {
			isa = XCBuildConfiguration;
			buildSettings = {
				ALWAYS_SEARCH_USER_PATHS = NO;
				CLANG_ANALYZER_NONNULL = YES;
				CLANG_ANALYZER_NUMBER_OBJECT_CONVERSION = YES_AGGRESSIVE;
				CLANG_CXX_LANGUAGE_STANDARD = "gnu++14";
				CLANG_CXX_LIBRARY = "libc++";
				CLANG_ENABLE_MODULES = YES;
				CLANG_ENABLE_OBJC_ARC = YES;
				CLANG_ENABLE_OBJC_WEAK = YES;
				CLANG_WARN_BLOCK_CAPTURE_AUTORELEASING = YES;
				CLANG_WARN_BOOL_CONVERSION = YES;
				CLANG_WARN_COMMA = YES;
				CLANG_WARN_CONSTANT_CONVERSION = YES;
				CLANG_WARN_DEPRECATED_OBJC_IMPLEMENTATIONS = YES;
				CLANG_WARN_DIRECT_OBJC_ISA_USAGE = YES_ERROR;
				CLANG_WARN_DOCUMENTATION_COMMENTS = YES;
				CLANG_WARN_EMPTY_BODY = YES;
				CLANG_WARN_ENUM_CONVERSION = YES;
				CLANG_WARN_INFINITE_RECURSION = YES;
				CLANG_WARN_INT_CONVERSION = YES;
				CLANG_WARN_NON_LITERAL_NULL_CONVERSION = YES;
				CLANG_WARN_OBJC_IMPLICIT_RETAIN_SELF = YES;
				CLANG_WARN_OBJC_LITERAL_CONVERSION = YES;
				CLANG_WARN_OBJC_ROOT_CLASS = YES_ERROR;
				CLANG_WARN_RANGE_LOOP_ANALYSIS = YES;
				CLANG_WARN_STRICT_PROTOTYPES = YES;
				CLANG_WARN_SUSPICIOUS_MOVE = YES;
				CLANG_WARN_UNGUARDED_AVAILABILITY = YES_AGGRESSIVE;
				CLANG_WARN_UNREACHABLE_CODE = YES;
				CLANG_WARN__DUPLICATE_METHOD_MATCH = YES;
				CODE_SIGN_IDENTITY = "iPhone Developer";
				COPY_PHASE_STRIP = NO;
				DEBUG_INFORMATION_FORMAT = "dwarf-with-dsym";
				ENABLE_NS_ASSERTIONS = NO;
				ENABLE_STRICT_OBJC_MSGSEND = YES;
				GCC_C_LANGUAGE_STANDARD = gnu11;
				GCC_NO_COMMON_BLOCKS = YES;
				GCC_WARN_64_TO_32_BIT_CONVERSION = YES;
				GCC_WARN_ABOUT_RETURN_TYPE = YES_ERROR;
				GCC_WARN_UNDECLARED_SELECTOR = YES;
				GCC_WARN_UNINITIALIZED_AUTOS = YES_AGGRESSIVE;
				GCC_WARN_UNUSED_FUNCTION = YES;
				GCC_WARN_UNUSED_VARIABLE = YES;
				IPHONEOS_DEPLOYMENT_TARGET = 12.2;
				MTL_ENABLE_DEBUG_INFO = NO;
				MTL_FAST_MATH = YES;
				SDKROOT = iphoneos;
				SWIFT_COMPILATION_MODE = wholemodule;
				SWIFT_OPTIMIZATION_LEVEL = "-O";
				VALIDATE_PRODUCT = YES;
			};
			name = Release;
		};
		7125446F22C05ADD00A6ECDE /* Debug */ = {
			isa = XCBuildConfiguration;
			buildSettings = {
				ASSETCATALOG_COMPILER_APPICON_NAME = AppIcon;
				CODE_SIGN_STYLE = Automatic;
				DEVELOPMENT_TEAM = 8JJ29QPJ4M;
				INFOPLIST_FILE = "Transitions/Supporting Files/Info.plist";
				IPHONEOS_DEPLOYMENT_TARGET = 12.2;
				LD_RUNPATH_SEARCH_PATHS = (
					"$(inherited)",
					"@executable_path/Frameworks",
				);
				PRODUCT_BUNDLE_IDENTIFIER = top.ttdp.Transitions;
				PRODUCT_NAME = "$(TARGET_NAME)";
				SWIFT_VERSION = 5.0;
				TARGETED_DEVICE_FAMILY = 1;
			};
			name = Debug;
		};
		7125447022C05ADD00A6ECDE /* Release */ = {
			isa = XCBuildConfiguration;
			buildSettings = {
				ASSETCATALOG_COMPILER_APPICON_NAME = AppIcon;
				CODE_SIGN_STYLE = Automatic;
				DEVELOPMENT_TEAM = 8JJ29QPJ4M;
				INFOPLIST_FILE = "Transitions/Supporting Files/Info.plist";
				IPHONEOS_DEPLOYMENT_TARGET = 12.2;
				LD_RUNPATH_SEARCH_PATHS = (
					"$(inherited)",
					"@executable_path/Frameworks",
				);
				PRODUCT_BUNDLE_IDENTIFIER = top.ttdp.Transitions;
				PRODUCT_NAME = "$(TARGET_NAME)";
				SWIFT_VERSION = 5.0;
				TARGETED_DEVICE_FAMILY = 1;
			};
			name = Release;
		};
/* End XCBuildConfiguration section */

/* Begin XCConfigurationList section */
		7125445722C05ADC00A6ECDE /* Build configuration list for PBXProject "Transitions" */ = {
			isa = XCConfigurationList;
			buildConfigurations = (
				7125446C22C05ADD00A6ECDE /* Debug */,
				7125446D22C05ADD00A6ECDE /* Release */,
			);
			defaultConfigurationIsVisible = 0;
			defaultConfigurationName = Release;
		};
		7125446E22C05ADD00A6ECDE /* Build configuration list for PBXNativeTarget "Transitions" */ = {
			isa = XCConfigurationList;
			buildConfigurations = (
				7125446F22C05ADD00A6ECDE /* Debug */,
				7125447022C05ADD00A6ECDE /* Release */,
			);
			defaultConfigurationIsVisible = 0;
			defaultConfigurationName = Release;
		};
/* End XCConfigurationList section */
	};
	rootObject = 7125445422C05ADC00A6ECDE /* Project object */;
}
